
Microsoft Visual Studio Solution File, Format Version 12.00
# Visual Studio 2012
Project("{FAE04EC0-301F-11D3-BF4B-00C04F79EFBC}") = "ArtemisWest.CallMe.Shell", "src\ArtemisWest.CallMe.Shell\ArtemisWest.CallMe.Shell.csproj", "{5A6A9E01-511F-4A43-8150-7CD5AD8A5563}"
EndProject
Project("{FAE04EC0-301F-11D3-BF4B-00C04F79EFBC}") = "ArtemisWest.CallMe.Google", "src\ArtemisWest.CallMe.Google\ArtemisWest.CallMe.Google.csproj", "{9D9AD720-6091-4F4E-9D38-16DF71F61B7E}"
EndProject
Project("{FAE04EC0-301F-11D3-BF4B-00C04F79EFBC}") = "ArtemisWest.CallMe.Contract", "src\ArtemisWest.CallMe.Contract\ArtemisWest.CallMe.Contract.csproj", "{DEE079B9-3A51-4066-ADA5-C06271ECEBD3}"
EndProject
Global
	GlobalSection(SolutionConfigurationPlatforms) = preSolution
		Debug|Any CPU = Debug|Any CPU
		Release|Any CPU = Release|Any CPU
	EndGlobalSection
	GlobalSection(ProjectConfigurationPlatforms) = postSolution
		{5A6A9E01-511F-4A43-8150-7CD5AD8A5563}.Debug|Any CPU.ActiveCfg = Debug|Any CPU
		{5A6A9E01-511F-4A43-8150-7CD5AD8A5563}.Debug|Any CPU.Build.0 = Debug|Any CPU
		{5A6A9E01-511F-4A43-8150-7CD5AD8A5563}.Release|Any CPU.ActiveCfg = Release|Any CPU
		{5A6A9E01-511F-4A43-8150-7CD5AD8A5563}.Release|Any CPU.Build.0 = Release|Any CPU
		{9D9AD720-6091-4F4E-9D38-16DF71F61B7E}.Debug|Any CPU.ActiveCfg = Debug|Any CPU
		{9D9AD720-6091-4F4E-9D38-16DF71F61B7E}.Debug|Any CPU.Build.0 = Debug|Any CPU
		{9D9AD720-6091-4F4E-9D38-16DF71F61B7E}.Release|Any CPU.ActiveCfg = Release|Any CPU
		{9D9AD720-6091-4F4E-9D38-16DF71F61B7E}.Release|Any CPU.Build.0 = Release|Any CPU
		{DEE079B9-3A51-4066-ADA5-C06271ECEBD3}.Debug|Any CPU.ActiveCfg = Debug|Any CPU
		{DEE079B9-3A51-4066-ADA5-C06271ECEBD3}.Debug|Any CPU.Build.0 = Debug|Any CPU
		{DEE079B9-3A51-4066-ADA5-C06271ECEBD3}.Release|Any CPU.ActiveCfg = Release|Any CPU
		{DEE079B9-3A51-4066-ADA5-C06271ECEBD3}.Release|Any CPU.Build.0 = Release|Any CPU
	EndGlobalSection
	GlobalSection(SolutionProperties) = preSolution
		HideSolutionNode = FALSE
	EndGlobalSection
	GlobalSection(ExtensibilityGlobals) = postSolution
		EnterpriseLibraryConfigurationToolBinariesPath = packages\Unity.2.1.505.2\lib\NET35
	EndGlobalSection
EndGlobal
